<?xml version="1.0" encoding="utf-8"?>
<Project ToolsVersion="4.0" xmlns="http://schemas.microsoft.com/developer/msbuild/2003">
  <ItemGroup>
    <Filter Include="Build">
      <UniqueIdentifier>{2834f449-c225-4fea-b706-2e10af8609f9}</UniqueIdentifier>
    </Filter>
    <Filter Include="AslTestSuite">
      <UniqueIdentifier>{7ee74a82-ad55-4ec4-83d3-212bc86c0f3a}</UniqueIdentifier>
    </Filter>
    <Filter Include="MiscTests">
      <UniqueIdentifier>{a12b506e-9fe8-4190-8e63-79d05671c08f}</UniqueIdentifier>
    </Filter>
    <Filter Include="TopLevel">
      <UniqueIdentifier>{1c012b33-55aa-41dc-9b01-8893514dbcaf}</UniqueIdentifier>
    </Filter>
  </ItemGroup>
  <ItemGroup>
    <None Include="..\release\build.sh">
      <Filter>Build</Filter>
    </None>
    <None Include="..\release\release.sh">
      <Filter>Build</Filter>
    </None>
    <None Include="..\release\size.bat">
      <Filter>Build</Filter>
    </None>
    <None Include="..\..\tests\.cygwin">
      <Filter>AslTestSuite</Filter>
    </None>
    <None Include="..\..\tests\.setup">
      <Filter>AslTestSuite</Filter>
    </None>
    <None Include="..\..\tests\aslts.sh">
      <Filter>AslTestSuite</Filter>
    </None>
    <None Include="..\..\tests\aslts\bin\asltsdiffres">
      <Filter>AslTestSuite</Filter>
    </None>
    <None Include="..\..\tests\aslts\bin\asltsrun">
      <Filter>AslTestSuite</Filter>
    </None>
    <None Include="..\..\tests\aslts\bin\common">
      <Filter>AslTestSuite</Filter>
    </None>
    <None Include="..\..\tests\aslts\bin\diffproc">
      <Filter>AslTestSuite</Filter>
    </None>
    <None Include="..\..\tests\aslts\bin\Do">
      <Filter>AslTestSuite</Filter>
    </None>
    <None Include="..\..\tests\aslts\bin\README">
      <Filter>AslTestSuite</Filter>
    </None>
    <None Include="..\..\tests\aslts\bin\settings">
      <Filter>AslTestSuite</Filter>
    </None>
    <None Include="..\..\tests\templates\templates.sh">
      <Filter>MiscTests</Filter>
    </None>
    <None Include="..\..\.gitignore">
      <Filter>TopLevel</Filter>
    </None>
  </ItemGroup>
  <ItemGroup>
    <Text Include="..\release\build.txt">
      <Filter>Build</Filter>
    </Text>
  </ItemGroup>
</Project>